
Microsoft Visual Studio Solution File, Format Version 12.00
# Visual Studio Version 17
VisualStudioVersion = 17.8.34309.116
MinimumVisualStudioVersion = 10.0.40219.1
Project("{FAE04EC0-301F-11D3-BF4B-00C04F79EFBC}") = "student_age", "student_age.csproj", "{1668179E-B0BD-4470-8C8B-BC4825A7EC77}"
EndProject
Global
	GlobalSection(SolutionConfigurationPlatforms) = preSolution
		Debug|Any CPU = Debug|Any CPU
		Release|Any CPU = Release|Any CPU
	EndGlobalSection
	GlobalSection(ProjectConfigurationPlatforms) = postSolution
		{1668179E-B0BD-4470-8C8B-BC4825A7EC77}.Debug|Any CPU.ActiveCfg = Debug|Any CPU
		{1668179E-B0BD-4470-8C8B-BC4825A7EC77}.Debug|Any CPU.Build.0 = Debug|Any CPU
		{1668179E-B0BD-4470-8C8B-BC4825A7EC77}.Release|Any CPU.ActiveCfg = Release|Any CPU
		{1668179E-B0BD-4470-8C8B-BC4825A7EC77}.Release|Any CPU.Build.0 = Release|Any CPU
	EndGlobalSection
	GlobalSection(SolutionProperties) = preSolution
		HideSolutionNode = FALSE
	EndGlobalSection
	GlobalSection(ExtensibilityGlobals) = postSolution
		SolutionGuid = {BAB768A9-F43E-4713-A7DF-524F54188D88}
	EndGlobalSection
EndGlobal
